
Microsoft Visual Studio Solution File, Format Version 12.00
# Visual Studio Version 17
VisualStudioVersion = 17.2.32526.322
MinimumVisualStudioVersion = 10.0.40219.1
Project("{FAE04EC0-301F-11D3-BF4B-00C04F79EFBC}") = "BuscaCnpj", "BuscaCnpj\BuscaCnpj.csproj", "{73B6106A-E9F3-48F3-B82C-28898A3D17A2}"
EndProject
Global
	GlobalSection(SolutionConfigurationPlatforms) = preSolution
		Debug|Any CPU = Debug|Any CPU
		Release|Any CPU = Release|Any CPU
	EndGlobalSection
	GlobalSection(ProjectConfigurationPlatforms) = postSolution
		{73B6106A-E9F3-48F3-B82C-28898A3D17A2}.Debug|Any CPU.ActiveCfg = Debug|Any CPU
		{73B6106A-E9F3-48F3-B82C-28898A3D17A2}.Debug|Any CPU.Build.0 = Debug|Any CPU
		{73B6106A-E9F3-48F3-B82C-28898A3D17A2}.Release|Any CPU.ActiveCfg = Release|Any CPU
		{73B6106A-E9F3-48F3-B82C-28898A3D17A2}.Release|Any CPU.Build.0 = Release|Any CPU
	EndGlobalSection
	GlobalSection(SolutionProperties) = preSolution
		HideSolutionNode = FALSE
	EndGlobalSection
	GlobalSection(ExtensibilityGlobals) = postSolution
		SolutionGuid = {7FEDB2E6-C6DF-45F1-9F80-304F14D926D1}
	EndGlobalSection
EndGlobal
